// !$*UTF8*$!
{
	archiveVersion = 1;
	classes = {
	};
	objectVersion = 50;
	objects = {

/* Begin PBXBuildFile section */
		4704FE6E25B0190A00E8A255 /* MainListCollectionViewCell.swift in Sources */ = {isa = PBXBuildFile; fileRef = 4704FE6D25B0190A00E8A255 /* MainListCollectionViewCell.swift */; };
		4704FE7425B1756700E8A255 /* Images.swift in Sources */ = {isa = PBXBuildFile; fileRef = 4704FE7325B1756700E8A255 /* Images.swift */; };
		470D4F1D25B1E2B9001175D7 /* ListModel.swift in Sources */ = {isa = PBXBuildFile; fileRef = 470D4F1C25B1E2B9001175D7 /* ListModel.swift */; };
		47C57CAA25AF4C7400F70AE2 /* AppDelegate.swift in Sources */ = {isa = PBXBuildFile; fileRef = 47C57CA925AF4C7400F70AE2 /* AppDelegate.swift */; };
		47C57CAC25AF4C7400F70AE2 /* SceneDelegate.swift in Sources */ = {isa = PBXBuildFile; fileRef = 47C57CAB25AF4C7400F70AE2 /* SceneDelegate.swift */; };
		47C57CB325AF4C7600F70AE2 /* Assets.xcassets in Resources */ = {isa = PBXBuildFile; fileRef = 47C57CB225AF4C7600F70AE2 /* Assets.xcassets */; };
		47C57CB625AF4C7600F70AE2 /* LaunchScreen.storyboard in Resources */ = {isa = PBXBuildFile; fileRef = 47C57CB425AF4C7600F70AE2 /* LaunchScreen.storyboard */; };
		47C57CC325AF51A500F70AE2 /* MainListViewController.swift in Sources */ = {isa = PBXBuildFile; fileRef = 47C57CC225AF51A500F70AE2 /* MainListViewController.swift */; };
		47C57CC725AF51B900F70AE2 /* MainListView.swift in Sources */ = {isa = PBXBuildFile; fileRef = 47C57CC625AF51B900F70AE2 /* MainListView.swift */; };
		47C57CCA25AF51D000F70AE2 /* MainListPresenter.swift in Sources */ = {isa = PBXBuildFile; fileRef = 47C57CC925AF51D000F70AE2 /* MainListPresenter.swift */; };
		47C57CCD25AF51E000F70AE2 /* MainListAssembly.swift in Sources */ = {isa = PBXBuildFile; fileRef = 47C57CCC25AF51E000F70AE2 /* MainListAssembly.swift */; };
/* End PBXBuildFile section */

/* Begin PBXFileReference section */
		4704FE6D25B0190A00E8A255 /* MainListCollectionViewCell.swift */ = {isa = PBXFileReference; lastKnownFileType = sourcecode.swift; name = MainListCollectionViewCell.swift; path = ../../../Avito_testTask/Avito_testTask/MainList/MainListCollectionViewCell.swift; sourceTree = "<group>"; };
		4704FE7325B1756700E8A255 /* Images.swift */ = {isa = PBXFileReference; lastKnownFileType = sourcecode.swift; path = Images.swift; sourceTree = "<group>"; };
		470D4F1C25B1E2B9001175D7 /* ListModel.swift */ = {isa = PBXFileReference; lastKnownFileType = sourcecode.swift; path = ListModel.swift; sourceTree = "<group>"; };
		47C57CA625AF4C7400F70AE2 /* Avito_testTask.app */ = {isa = PBXFileReference; explicitFileType = wrapper.application; includeInIndex = 0; path = Avito_testTask.app; sourceTree = BUILT_PRODUCTS_DIR; };
		47C57CA925AF4C7400F70AE2 /* AppDelegate.swift */ = {isa = PBXFileReference; lastKnownFileType = sourcecode.swift; path = AppDelegate.swift; sourceTree = "<group>"; };
		47C57CAB25AF4C7400F70AE2 /* SceneDelegate.swift */ = {isa = PBXFileReference; lastKnownFileType = sourcecode.swift; path = SceneDelegate.swift; sourceTree = "<group>"; };
		47C57CB225AF4C7600F70AE2 /* Assets.xcassets */ = {isa = PBXFileReference; lastKnownFileType = folder.assetcatalog; path = Assets.xcassets; sourceTree = "<group>"; };
		47C57CB525AF4C7600F70AE2 /* Base */ = {isa = PBXFileReference; lastKnownFileType = file.storyboard; name = Base; path = Base.lproj/LaunchScreen.storyboard; sourceTree = "<group>"; };
		47C57CB725AF4C7600F70AE2 /* Info.plist */ = {isa = PBXFileReference; lastKnownFileType = text.plist.xml; path = Info.plist; sourceTree = "<group>"; };
		47C57CC225AF51A500F70AE2 /* MainListViewController.swift */ = {isa = PBXFileReference; lastKnownFileType = sourcecode.swift; path = MainListViewController.swift; sourceTree = "<group>"; };
		47C57CC625AF51B900F70AE2 /* MainListView.swift */ = {isa = PBXFileReference; lastKnownFileType = sourcecode.swift; path = MainListView.swift; sourceTree = "<group>"; };
		47C57CC925AF51D000F70AE2 /* MainListPresenter.swift */ = {isa = PBXFileReference; lastKnownFileType = sourcecode.swift; path = MainListPresenter.swift; sourceTree = "<group>"; };
		47C57CCC25AF51E000F70AE2 /* MainListAssembly.swift */ = {isa = PBXFileReference; lastKnownFileType = sourcecode.swift; path = MainListAssembly.swift; sourceTree = "<group>"; };
/* End PBXFileReference section */

/* Begin PBXFrameworksBuildPhase section */
		47C57CA325AF4C7400F70AE2 /* Frameworks */ = {
			isa = PBXFrameworksBuildPhase;
			buildActionMask = 2147483647;
			files = (
			);
			runOnlyForDeploymentPostprocessing = 0;
		};
/* End PBXFrameworksBuildPhase section */

/* Begin PBXGroup section */
		4704FE7225B1755C00E8A255 /* Models */ = {
			isa = PBXGroup;
			children = (
				4704FE7325B1756700E8A255 /* Images.swift */,
				470D4F1C25B1E2B9001175D7 /* ListModel.swift */,
			);
			path = Models;
			sourceTree = "<group>";
		};
		47C57C9D25AF4C7400F70AE2 = {
			isa = PBXGroup;
			children = (
				47C57CA825AF4C7400F70AE2 /* Avito_testTask */,
				47C57CA725AF4C7400F70AE2 /* Products */,
			);
			sourceTree = "<group>";
		};
		47C57CA725AF4C7400F70AE2 /* Products */ = {
			isa = PBXGroup;
			children = (
				47C57CA625AF4C7400F70AE2 /* Avito_testTask.app */,
			);
			name = Products;
			sourceTree = "<group>";
		};
		47C57CA825AF4C7400F70AE2 /* Avito_testTask */ = {
			isa = PBXGroup;
			children = (
				4704FE7225B1755C00E8A255 /* Models */,
				47C57CC125AF517100F70AE2 /* MainList */,
				47C57CBF25AF4C8200F70AE2 /* Application */,
				47C57CBE25AF4C7C00F70AE2 /* Resources */,
			);
			path = Avito_testTask;
			sourceTree = "<group>";
		};
		47C57CBE25AF4C7C00F70AE2 /* Resources */ = {
			isa = PBXGroup;
			children = (
				47C57CB225AF4C7600F70AE2 /* Assets.xcassets */,
				47C57CB725AF4C7600F70AE2 /* Info.plist */,
			);
			path = Resources;
			sourceTree = "<group>";
		};
		47C57CBF25AF4C8200F70AE2 /* Application */ = {
			isa = PBXGroup;
			children = (
				47C57CA925AF4C7400F70AE2 /* AppDelegate.swift */,
				47C57CAB25AF4C7400F70AE2 /* SceneDelegate.swift */,
				47C57CB425AF4C7600F70AE2 /* LaunchScreen.storyboard */,
			);
			path = Application;
			sourceTree = "<group>";
		};
		47C57CC125AF517100F70AE2 /* MainList */ = {
			isa = PBXGroup;
			children = (
				47C57CC625AF51B900F70AE2 /* MainListView.swift */,
				47C57CC225AF51A500F70AE2 /* MainListViewController.swift */,
				47C57CC925AF51D000F70AE2 /* MainListPresenter.swift */,
				47C57CCC25AF51E000F70AE2 /* MainListAssembly.swift */,
				4704FE6D25B0190A00E8A255 /* MainListCollectionViewCell.swift */,
			);
			path = MainList;
			sourceTree = "<group>";
		};
/* End PBXGroup section */

/* Begin PBXNativeTarget section */
		47C57CA525AF4C7400F70AE2 /* Avito_testTask */ = {
			isa = PBXNativeTarget;
			buildConfigurationList = 47C57CBA25AF4C7600F70AE2 /* Build configuration list for PBXNativeTarget "Avito_testTask" */;
			buildPhases = (
				47C57CA225AF4C7400F70AE2 /* Sources */,
				47C57CA325AF4C7400F70AE2 /* Frameworks */,
				47C57CA425AF4C7400F70AE2 /* Resources */,
			);
			buildRules = (
			);
			dependencies = (
			);
			name = Avito_testTask;
			productName = Avito_testTask;
			productReference = 47C57CA625AF4C7400F70AE2 /* Avito_testTask.app */;
			productType = "com.apple.product-type.application";
		};
/* End PBXNativeTarget section */

/* Begin PBXProject section */
		47C57C9E25AF4C7400F70AE2 /* Project object */ = {
			isa = PBXProject;
			attributes = {
				LastSwiftUpdateCheck = 1220;
				LastUpgradeCheck = 1220;
				TargetAttributes = {
					47C57CA525AF4C7400F70AE2 = {
						CreatedOnToolsVersion = 12.2;
					};
				};
			};
			buildConfigurationList = 47C57CA125AF4C7400F70AE2 /* Build configuration list for PBXProject "Avito_testTask" */;
			compatibilityVersion = "Xcode 9.3";
			developmentRegion = en;
			hasScannedForEncodings = 0;
			knownRegions = (
				en,
				Base,
			);
			mainGroup = 47C57C9D25AF4C7400F70AE2;
			productRefGroup = 47C57CA725AF4C7400F70AE2 /* Products */;
			projectDirPath = "";
			projectRoot = "";
			targets = (
				47C57CA525AF4C7400F70AE2 /* Avito_testTask */,
			);
		};
/* End PBXProject section */

/* Begin PBXResourcesBuildPhase section */
		47C57CA425AF4C7400F70AE2 /* Resources */ = {
			isa = PBXResourcesBuildPhase;
			buildActionMask = 2147483647;
			files = (
				47C57CB625AF4C7600F70AE2 /* LaunchScreen.storyboard in Resources */,
				47C57CB325AF4C7600F70AE2 /* Assets.xcassets in Resources */,
			);
			runOnlyForDeploymentPostprocessing = 0;
		};
/* End PBXResourcesBuildPhase section */

/* Begin PBXSourcesBuildPhase section */
		47C57CA225AF4C7400F70AE2 /* Sources */ = {
			isa = PBXSourcesBuildPhase;
			buildActionMask = 2147483647;
			files = (
				470D4F1D25B1E2B9001175D7 /* ListModel.swift in Sources */,
				47C57CCD25AF51E000F70AE2 /* MainListAssembly.swift in Sources */,
				47C57CC725AF51B900F70AE2 /* MainListView.swift in Sources */,
				47C57CCA25AF51D000F70AE2 /* MainListPresenter.swift in Sources */,
				47C57CAA25AF4C7400F70AE2 /* AppDelegate.swift in Sources */,
				47C57CAC25AF4C7400F70AE2 /* SceneDelegate.swift in Sources */,
				4704FE7425B1756700E8A255 /* Images.swift in Sources */,
				4704FE6E25B0190A00E8A255 /* MainListCollectionViewCell.swift in Sources */,
				47C57CC325AF51A500F70AE2 /* MainListViewController.swift in Sources */,
			);
			runOnlyForDeploymentPostprocessing = 0;
		};
/* End PBXSourcesBuildPhase section */

/* Begin PBXVariantGroup section */
		47C57CB425AF4C7600F70AE2 /* LaunchScreen.storyboard */ = {
			isa = PBXVariantGroup;
			children = (
				47C57CB525AF4C7600F70AE2 /* Base */,
			);
			name = LaunchScreen.storyboard;
			sourceTree = "<group>";
		};
/* End PBXVariantGroup section */

/* Begin XCBuildConfiguration section */
		47C57CB825AF4C7600F70AE2 /* Debug */ = {
			isa = XCBuildConfiguration;
			buildSettings = {
				ALWAYS_SEARCH_USER_PATHS = NO;
				CLANG_ANALYZER_NONNULL = YES;
				CLANG_ANALYZER_NUMBER_OBJECT_CONVERSION = YES_AGGRESSIVE;
				CLANG_CXX_LANGUAGE_STANDARD = "gnu++14";
				CLANG_CXX_LIBRARY = "libc++";
				CLANG_ENABLE_MODULES = YES;
				CLANG_ENABLE_OBJC_ARC = YES;
				CLANG_ENABLE_OBJC_WEAK = YES;
				CLANG_WARN_BLOCK_CAPTURE_AUTORELEASING = YES;
				CLANG_WARN_BOOL_CONVERSION = YES;
				CLANG_WARN_COMMA = YES;
				CLANG_WARN_CONSTANT_CONVERSION = YES;
				CLANG_WARN_DEPRECATED_OBJC_IMPLEMENTATIONS = YES;
				CLANG_WARN_DIRECT_OBJC_ISA_USAGE = YES_ERROR;
				CLANG_WARN_DOCUMENTATION_COMMENTS = YES;
				CLANG_WARN_EMPTY_BODY = YES;
				CLANG_WARN_ENUM_CONVERSION = YES;
				CLANG_WARN_INFINITE_RECURSION = YES;
				CLANG_WARN_INT_CONVERSION = YES;
				CLANG_WARN_NON_LITERAL_NULL_CONVERSION = YES;
				CLANG_WARN_OBJC_IMPLICIT_RETAIN_SELF = YES;
				CLANG_WARN_OBJC_LITERAL_CONVERSION = YES;
				CLANG_WARN_OBJC_ROOT_CLASS = YES_ERROR;
				CLANG_WARN_QUOTED_INCLUDE_IN_FRAMEWORK_HEADER = YES;
				CLANG_WARN_RANGE_LOOP_ANALYSIS = YES;
				CLANG_WARN_STRICT_PROTOTYPES = YES;
				CLANG_WARN_SUSPICIOUS_MOVE = YES;
				CLANG_WARN_UNGUARDED_AVAILABILITY = YES_AGGRESSIVE;
				CLANG_WARN_UNREACHABLE_CODE = YES;
				CLANG_WARN__DUPLICATE_METHOD_MATCH = YES;
				COPY_PHASE_STRIP = NO;
				DEBUG_INFORMATION_FORMAT = dwarf;
				ENABLE_STRICT_OBJC_MSGSEND = YES;
				ENABLE_TESTABILITY = YES;
				GCC_C_LANGUAGE_STANDARD = gnu11;
				GCC_DYNAMIC_NO_PIC = NO;
				GCC_NO_COMMON_BLOCKS = YES;
				GCC_OPTIMIZATION_LEVEL = 0;
				GCC_PREPROCESSOR_DEFINITIONS = (
					"DEBUG=1",
					"$(inherited)",
				);
				GCC_WARN_64_TO_32_BIT_CONVERSION = YES;
				GCC_WARN_ABOUT_RETURN_TYPE = YES_ERROR;
				GCC_WARN_UNDECLARED_SELECTOR = YES;
				GCC_WARN_UNINITIALIZED_AUTOS = YES_AGGRESSIVE;
				GCC_WARN_UNUSED_FUNCTION = YES;
				GCC_WARN_UNUSED_VARIABLE = YES;
				IPHONEOS_DEPLOYMENT_TARGET = 14.2;
				MTL_ENABLE_DEBUG_INFO = INCLUDE_SOURCE;
				MTL_FAST_MATH = YES;
				ONLY_ACTIVE_ARCH = YES;
				SDKROOT = iphoneos;
				SWIFT_ACTIVE_COMPILATION_CONDITIONS = DEBUG;
				SWIFT_OPTIMIZATION_LEVEL = "-Onone";
			};
			name = Debug;
		};
		47C57CB925AF4C7600F70AE2 /* Release */ = {
			isa = XCBuildConfiguration;
			buildSettings = {
				ALWAYS_SEARCH_USER_PATHS = NO;
				CLANG_ANALYZER_NONNULL = YES;
				CLANG_ANALYZER_NUMBER_OBJECT_CONVERSION = YES_AGGRESSIVE;
				CLANG_CXX_LANGUAGE_STANDARD = "gnu++14";
				CLANG_CXX_LIBRARY = "libc++";
				CLANG_ENABLE_MODULES = YES;
				CLANG_ENABLE_OBJC_ARC = YES;
				CLANG_ENABLE_OBJC_WEAK = YES;
				CLANG_WARN_BLOCK_CAPTURE_AUTORELEASING = YES;
				CLANG_WARN_BOOL_CONVERSION = YES;
				CLANG_WARN_COMMA = YES;
				CLANG_WARN_CONSTANT_CONVERSION = YES;
				CLANG_WARN_DEPRECATED_OBJC_IMPLEMENTATIONS = YES;
				CLANG_WARN_DIRECT_OBJC_ISA_USAGE = YES_ERROR;
				CLANG_WARN_DOCUMENTATION_COMMENTS = YES;
				CLANG_WARN_EMPTY_BODY = YES;
				CLANG_WARN_ENUM_CONVERSION = YES;
				CLANG_WARN_INFINITE_RECURSION = YES;
				CLANG_WARN_INT_CONVERSION = YES;
				CLANG_WARN_NON_LITERAL_NULL_CONVERSION = YES;
				CLANG_WARN_OBJC_IMPLICIT_RETAIN_SELF = YES;
				CLANG_WARN_OBJC_LITERAL_CONVERSION = YES;
				CLANG_WARN_OBJC_ROOT_CLASS = YES_ERROR;
				CLANG_WARN_QUOTED_INCLUDE_IN_FRAMEWORK_HEADER = YES;
				CLANG_WARN_RANGE_LOOP_ANALYSIS = YES;
				CLANG_WARN_STRICT_PROTOTYPES = YES;
				CLANG_WARN_SUSPICIOUS_MOVE = YES;
				CLANG_WARN_UNGUARDED_AVAILABILITY = YES_AGGRESSIVE;
				CLANG_WARN_UNREACHABLE_CODE = YES;
				CLANG_WARN__DUPLICATE_METHOD_MATCH = YES;
				COPY_PHASE_STRIP = NO;
				DEBUG_INFORMATION_FORMAT = "dwarf-with-dsym";
				ENABLE_NS_ASSERTIONS = NO;
				ENABLE_STRICT_OBJC_MSGSEND = YES;
				GCC_C_LANGUAGE_STANDARD = gnu11;
				GCC_NO_COMMON_BLOCKS = YES;
				GCC_WARN_64_TO_32_BIT_CONVERSION = YES;
				GCC_WARN_ABOUT_RETURN_TYPE = YES_ERROR;
				GCC_WARN_UNDECLARED_SELECTOR = YES;
				GCC_WARN_UNINITIALIZED_AUTOS = YES_AGGRESSIVE;
				GCC_WARN_UNUSED_FUNCTION = YES;
				GCC_WARN_UNUSED_VARIABLE = YES;
				IPHONEOS_DEPLOYMENT_TARGET = 14.2;
				MTL_ENABLE_DEBUG_INFO = NO;
				MTL_FAST_MATH = YES;
				SDKROOT = iphoneos;
				SWIFT_COMPILATION_MODE = wholemodule;
				SWIFT_OPTIMIZATION_LEVEL = "-O";
				VALIDATE_PRODUCT = YES;
			};
			name = Release;
		};
		47C57CBB25AF4C7600F70AE2 /* Debug */ = {
			isa = XCBuildConfiguration;
			buildSettings = {
				ASSETCATALOG_COMPILER_APPICON_NAME = AppIcon;
				ASSETCATALOG_COMPILER_GLOBAL_ACCENT_COLOR_NAME = AccentColor;
				CODE_SIGN_STYLE = Automatic;
				INFOPLIST_FILE = Avito_testTask/Resources/Info.plist;
				LD_RUNPATH_SEARCH_PATHS = (
					"$(inherited)",
					"@executable_path/Frameworks",
				);
				PRODUCT_BUNDLE_IDENTIFIER = "Home.Avito-testTask";
				PRODUCT_NAME = "$(TARGET_NAME)";
				SWIFT_VERSION = 5.0;
				TARGETED_DEVICE_FAMILY = "1,2";
			};
			name = Debug;
		};
		47C57CBC25AF4C7600F70AE2 /* Release */ = {
			isa = XCBuildConfiguration;
			buildSettings = {
				ASSETCATALOG_COMPILER_APPICON_NAME = AppIcon;
				ASSETCATALOG_COMPILER_GLOBAL_ACCENT_COLOR_NAME = AccentColor;
				CODE_SIGN_STYLE = Automatic;
				INFOPLIST_FILE = Avito_testTask/Resources/Info.plist;
				LD_RUNPATH_SEARCH_PATHS = (
					"$(inherited)",
					"@executable_path/Frameworks",
				);
				PRODUCT_BUNDLE_IDENTIFIER = "Home.Avito-testTask";
				PRODUCT_NAME = "$(TARGET_NAME)";
				SWIFT_VERSION = 5.0;
				TARGETED_DEVICE_FAMILY = "1,2";
			};
			name = Release;
		};
/* End XCBuildConfiguration section */

/* Begin XCConfigurationList section */
		47C57CA125AF4C7400F70AE2 /* Build configuration list for PBXProject "Avito_testTask" */ = {
			isa = XCConfigurationList;
			buildConfigurations = (
				47C57CB825AF4C7600F70AE2 /* Debug */,
				47C57CB925AF4C7600F70AE2 /* Release */,
			);
			defaultConfigurationIsVisible = 0;
			defaultConfigurationName = Release;
		};
		47C57CBA25AF4C7600F70AE2 /* Build configuration list for PBXNativeTarget "Avito_testTask" */ = {
			isa = XCConfigurationList;
			buildConfigurations = (
				47C57CBB25AF4C7600F70AE2 /* Debug */,
				47C57CBC25AF4C7600F70AE2 /* Release */,
			);
			defaultConfigurationIsVisible = 0;
			defaultConfigurationName = Release;
		};
/* End XCConfigurationList section */
	};
	rootObject = 47C57C9E25AF4C7400F70AE2 /* Project object */;
}
